
Microsoft Visual Studio Solution File, Format Version 12.00
# Visual Studio Version 16
VisualStudioVersion = 16.0.31313.79
MinimumVisualStudioVersion = 10.0.40219.1
Project("{9A19103F-16F7-4668-BE54-9A1E7A4F7556}") = "Servicios.api.Seguridad", "Servicios.api.Seguridad\Servicios.api.Seguridad.csproj", "{C322A625-726E-4D34-85F9-015E0F29E04C}"
EndProject
Project("{FAE04EC0-301F-11D3-BF4B-00C04F79EFBC}") = "Servicios.api.Gateway", "Servicios.api.Gateway\Servicios.api.Gateway.csproj", "{F94A6946-17FE-4962-88A9-0DFBD038BD1A}"
EndProject
Global
	GlobalSection(SolutionConfigurationPlatforms) = preSolution
		Debug|Any CPU = Debug|Any CPU
		Release|Any CPU = Release|Any CPU
	EndGlobalSection
	GlobalSection(ProjectConfigurationPlatforms) = postSolution
		{C322A625-726E-4D34-85F9-015E0F29E04C}.Debug|Any CPU.ActiveCfg = Debug|Any CPU
		{C322A625-726E-4D34-85F9-015E0F29E04C}.Debug|Any CPU.Build.0 = Debug|Any CPU
		{C322A625-726E-4D34-85F9-015E0F29E04C}.Release|Any CPU.ActiveCfg = Release|Any CPU
		{C322A625-726E-4D34-85F9-015E0F29E04C}.Release|Any CPU.Build.0 = Release|Any CPU
		{F94A6946-17FE-4962-88A9-0DFBD038BD1A}.Debug|Any CPU.ActiveCfg = Debug|Any CPU
		{F94A6946-17FE-4962-88A9-0DFBD038BD1A}.Debug|Any CPU.Build.0 = Debug|Any CPU
		{F94A6946-17FE-4962-88A9-0DFBD038BD1A}.Release|Any CPU.ActiveCfg = Release|Any CPU
		{F94A6946-17FE-4962-88A9-0DFBD038BD1A}.Release|Any CPU.Build.0 = Release|Any CPU
	EndGlobalSection
	GlobalSection(SolutionProperties) = preSolution
		HideSolutionNode = FALSE
	EndGlobalSection
	GlobalSection(ExtensibilityGlobals) = postSolution
		SolutionGuid = {6BBEFE28-717B-41E9-90DF-1966461FAA41}
	EndGlobalSection
EndGlobal
